
Microsoft Visual Studio Solution File, Format Version 12.00
# Visual Studio Version 16
VisualStudioVersion = 16.0.30503.244
MinimumVisualStudioVersion = 15.0.26124.0
Project("{2150E333-8FDC-42A3-9474-1A3956D46DE8}") = "1 - WebUI", "1 - WebUI", "{04368253-E6D5-4CF7-A3C3-FC9690230CAB}"
EndProject
Project("{9A19103F-16F7-4668-BE54-9A1E7A4F7556}") = "FinancialManager.Web.Server", "src\FinancialManager.Web\Server\FinancialManager.Web.Server.csproj", "{D848AC46-CF27-4495-97F5-885EE4A8CB93}"
EndProject
Project("{9A19103F-16F7-4668-BE54-9A1E7A4F7556}") = "FinancialManager.Web.Client", "src\FinancialManager.Web\Client\FinancialManager.Web.Client.csproj", "{1784F90A-689A-4B89-84C2-6F8CACF9D5CE}"
EndProject
Project("{9A19103F-16F7-4668-BE54-9A1E7A4F7556}") = "FinancialManager.Web.Shared", "src\FinancialManager.Web\Shared\FinancialManager.Web.Shared.csproj", "{2A886060-D608-41CF-95F3-2387403696A8}"
EndProject
Project("{2150E333-8FDC-42A3-9474-1A3956D46DE8}") = "2 - Application", "2 - Application", "{0C8D2EA3-AD97-4B1A-AFE8-5F282AC85524}"
EndProject
Project("{2150E333-8FDC-42A3-9474-1A3956D46DE8}") = "3 - Domain", "3 - Domain", "{F5DC08E5-C71C-497A-BA50-B9A02CD278D7}"
EndProject
Project("{2150E333-8FDC-42A3-9474-1A3956D46DE8}") = "4 - Infra", "4 - Infra", "{D54CE8BF-00F0-4ABF-8171-5D67D45F474D}"
EndProject
Project("{FAE04EC0-301F-11D3-BF4B-00C04F79EFBC}") = "FinancialManager.Infra.CrossCutting", "src\Infra\FinancialManager.Infra\FinancialManager.Infra.CrossCutting.csproj", "{029AD2BD-3FE8-4617-8496-5E79024F9423}"
EndProject
Global
	GlobalSection(SolutionConfigurationPlatforms) = preSolution
		Debug|Any CPU = Debug|Any CPU
		Release|Any CPU = Release|Any CPU
	EndGlobalSection
	GlobalSection(ProjectConfigurationPlatforms) = postSolution
		{D848AC46-CF27-4495-97F5-885EE4A8CB93}.Debug|Any CPU.ActiveCfg = Debug|Any CPU
		{D848AC46-CF27-4495-97F5-885EE4A8CB93}.Debug|Any CPU.Build.0 = Debug|Any CPU
		{D848AC46-CF27-4495-97F5-885EE4A8CB93}.Release|Any CPU.ActiveCfg = Release|Any CPU
		{D848AC46-CF27-4495-97F5-885EE4A8CB93}.Release|Any CPU.Build.0 = Release|Any CPU
		{1784F90A-689A-4B89-84C2-6F8CACF9D5CE}.Debug|Any CPU.ActiveCfg = Debug|Any CPU
		{1784F90A-689A-4B89-84C2-6F8CACF9D5CE}.Debug|Any CPU.Build.0 = Debug|Any CPU
		{1784F90A-689A-4B89-84C2-6F8CACF9D5CE}.Release|Any CPU.ActiveCfg = Release|Any CPU
		{1784F90A-689A-4B89-84C2-6F8CACF9D5CE}.Release|Any CPU.Build.0 = Release|Any CPU
		{2A886060-D608-41CF-95F3-2387403696A8}.Debug|Any CPU.ActiveCfg = Debug|Any CPU
		{2A886060-D608-41CF-95F3-2387403696A8}.Debug|Any CPU.Build.0 = Debug|Any CPU
		{2A886060-D608-41CF-95F3-2387403696A8}.Release|Any CPU.ActiveCfg = Release|Any CPU
		{2A886060-D608-41CF-95F3-2387403696A8}.Release|Any CPU.Build.0 = Release|Any CPU
		{029AD2BD-3FE8-4617-8496-5E79024F9423}.Debug|Any CPU.ActiveCfg = Debug|Any CPU
		{029AD2BD-3FE8-4617-8496-5E79024F9423}.Debug|Any CPU.Build.0 = Debug|Any CPU
		{029AD2BD-3FE8-4617-8496-5E79024F9423}.Release|Any CPU.ActiveCfg = Release|Any CPU
		{029AD2BD-3FE8-4617-8496-5E79024F9423}.Release|Any CPU.Build.0 = Release|Any CPU
	EndGlobalSection
	GlobalSection(SolutionProperties) = preSolution
		HideSolutionNode = FALSE
	EndGlobalSection
	GlobalSection(NestedProjects) = preSolution
		{D848AC46-CF27-4495-97F5-885EE4A8CB93} = {04368253-E6D5-4CF7-A3C3-FC9690230CAB}
		{1784F90A-689A-4B89-84C2-6F8CACF9D5CE} = {04368253-E6D5-4CF7-A3C3-FC9690230CAB}
		{2A886060-D608-41CF-95F3-2387403696A8} = {04368253-E6D5-4CF7-A3C3-FC9690230CAB}
		{029AD2BD-3FE8-4617-8496-5E79024F9423} = {D54CE8BF-00F0-4ABF-8171-5D67D45F474D}
	EndGlobalSection
	GlobalSection(ExtensibilityGlobals) = postSolution
		SolutionGuid = {B9EA2458-6382-479C-96AB-4A9C44A68C60}
	EndGlobalSection
EndGlobal
