
Microsoft Visual Studio Solution File, Format Version 12.00
# Visual Studio Version 16
VisualStudioVersion = 16.0.30503.244
MinimumVisualStudioVersion = 15.0.26124.0
Project("{2150E333-8FDC-42A3-9474-1A3956D46DE8}") = "Api", "Api", "{04368253-E6D5-4CF7-A3C3-FC9690230CAB}"
EndProject
Project("{2150E333-8FDC-42A3-9474-1A3956D46DE8}") = "Infrastructure", "Infrastructure", "{D54CE8BF-00F0-4ABF-8171-5D67D45F474D}"
EndProject
Project("{9A19103F-16F7-4668-BE54-9A1E7A4F7556}") = "FinancialManager.Api", "src\Backend\FinancialManager.Api\FinancialManager.Api.csproj", "{B5B23933-0092-4F85-B4C0-9FC7E6784939}"
EndProject
Project("{9A19103F-16F7-4668-BE54-9A1E7A4F7556}") = "FinancialManager.Infrastructure", "src\Backend\FinancialManager.Infrastructure\FinancialManager.Infrastructure.csproj", "{DF6F8B65-0616-4E7F-BBFD-98C18D8F15D5}"
EndProject
Project("{9A19103F-16F7-4668-BE54-9A1E7A4F7556}") = "FinancialManager.Core", "src\Backend\FinancialManager.Core\FinancialManager.Core.csproj", "{CA146091-8AD1-4C48-95E7-D395316E9E26}"
EndProject
Project("{2150E333-8FDC-42A3-9474-1A3956D46DE8}") = "Services", "Services", "{0F598095-B48C-41DA-AE55-D7D92002BA12}"
EndProject
Project("{2150E333-8FDC-42A3-9474-1A3956D46DE8}") = "Financial Accounts", "Financial Accounts", "{B7F0FF42-4501-40B8-BD7E-1B7F0CFFDC83}"
EndProject
Project("{9A19103F-16F7-4668-BE54-9A1E7A4F7556}") = "FinancialManager.FinancialAccounts.Application", "src\Backend\FinancialManager.FinancialAccount.Application\FinancialManager.FinancialAccounts.Application.csproj", "{AB5B27FE-7E2D-4C85-90C5-316817FB8DAC}"
EndProject
Project("{9A19103F-16F7-4668-BE54-9A1E7A4F7556}") = "FinancialManager.FinancialAccounts.Data", "src\Backend\FinancialManager.FinancialAccount.Data\FinancialManager.FinancialAccounts.Data.csproj", "{4BC2FEE5-1946-445E-83E8-440F8C02AAD7}"
EndProject
Project("{9A19103F-16F7-4668-BE54-9A1E7A4F7556}") = "FinancialManager.FinancialAccounts.Domain", "src\Backend\FinancialManager.FinancialAccount.Domain\FinancialManager.FinancialAccounts.Domain.csproj", "{6CB86980-D24D-4BA8-B95A-8F16D7BEA289}"
EndProject
Global
	GlobalSection(SolutionConfigurationPlatforms) = preSolution
		Debug|Any CPU = Debug|Any CPU
		Release|Any CPU = Release|Any CPU
	EndGlobalSection
	GlobalSection(ProjectConfigurationPlatforms) = postSolution
		{B5B23933-0092-4F85-B4C0-9FC7E6784939}.Debug|Any CPU.ActiveCfg = Debug|Any CPU
		{B5B23933-0092-4F85-B4C0-9FC7E6784939}.Debug|Any CPU.Build.0 = Debug|Any CPU
		{B5B23933-0092-4F85-B4C0-9FC7E6784939}.Release|Any CPU.ActiveCfg = Release|Any CPU
		{B5B23933-0092-4F85-B4C0-9FC7E6784939}.Release|Any CPU.Build.0 = Release|Any CPU
		{DF6F8B65-0616-4E7F-BBFD-98C18D8F15D5}.Debug|Any CPU.ActiveCfg = Debug|Any CPU
		{DF6F8B65-0616-4E7F-BBFD-98C18D8F15D5}.Debug|Any CPU.Build.0 = Debug|Any CPU
		{DF6F8B65-0616-4E7F-BBFD-98C18D8F15D5}.Release|Any CPU.ActiveCfg = Release|Any CPU
		{DF6F8B65-0616-4E7F-BBFD-98C18D8F15D5}.Release|Any CPU.Build.0 = Release|Any CPU
		{CA146091-8AD1-4C48-95E7-D395316E9E26}.Debug|Any CPU.ActiveCfg = Debug|Any CPU
		{CA146091-8AD1-4C48-95E7-D395316E9E26}.Debug|Any CPU.Build.0 = Debug|Any CPU
		{CA146091-8AD1-4C48-95E7-D395316E9E26}.Release|Any CPU.ActiveCfg = Release|Any CPU
		{CA146091-8AD1-4C48-95E7-D395316E9E26}.Release|Any CPU.Build.0 = Release|Any CPU
		{AB5B27FE-7E2D-4C85-90C5-316817FB8DAC}.Debug|Any CPU.ActiveCfg = Debug|Any CPU
		{AB5B27FE-7E2D-4C85-90C5-316817FB8DAC}.Debug|Any CPU.Build.0 = Debug|Any CPU
		{AB5B27FE-7E2D-4C85-90C5-316817FB8DAC}.Release|Any CPU.ActiveCfg = Release|Any CPU
		{AB5B27FE-7E2D-4C85-90C5-316817FB8DAC}.Release|Any CPU.Build.0 = Release|Any CPU
		{4BC2FEE5-1946-445E-83E8-440F8C02AAD7}.Debug|Any CPU.ActiveCfg = Debug|Any CPU
		{4BC2FEE5-1946-445E-83E8-440F8C02AAD7}.Debug|Any CPU.Build.0 = Debug|Any CPU
		{4BC2FEE5-1946-445E-83E8-440F8C02AAD7}.Release|Any CPU.ActiveCfg = Release|Any CPU
		{4BC2FEE5-1946-445E-83E8-440F8C02AAD7}.Release|Any CPU.Build.0 = Release|Any CPU
		{6CB86980-D24D-4BA8-B95A-8F16D7BEA289}.Debug|Any CPU.ActiveCfg = Debug|Any CPU
		{6CB86980-D24D-4BA8-B95A-8F16D7BEA289}.Debug|Any CPU.Build.0 = Debug|Any CPU
		{6CB86980-D24D-4BA8-B95A-8F16D7BEA289}.Release|Any CPU.ActiveCfg = Release|Any CPU
		{6CB86980-D24D-4BA8-B95A-8F16D7BEA289}.Release|Any CPU.Build.0 = Release|Any CPU
	EndGlobalSection
	GlobalSection(SolutionProperties) = preSolution
		HideSolutionNode = FALSE
	EndGlobalSection
	GlobalSection(NestedProjects) = preSolution
		{D54CE8BF-00F0-4ABF-8171-5D67D45F474D} = {0F598095-B48C-41DA-AE55-D7D92002BA12}
		{B5B23933-0092-4F85-B4C0-9FC7E6784939} = {04368253-E6D5-4CF7-A3C3-FC9690230CAB}
		{DF6F8B65-0616-4E7F-BBFD-98C18D8F15D5} = {D54CE8BF-00F0-4ABF-8171-5D67D45F474D}
		{CA146091-8AD1-4C48-95E7-D395316E9E26} = {D54CE8BF-00F0-4ABF-8171-5D67D45F474D}
		{B7F0FF42-4501-40B8-BD7E-1B7F0CFFDC83} = {0F598095-B48C-41DA-AE55-D7D92002BA12}
		{AB5B27FE-7E2D-4C85-90C5-316817FB8DAC} = {B7F0FF42-4501-40B8-BD7E-1B7F0CFFDC83}
		{4BC2FEE5-1946-445E-83E8-440F8C02AAD7} = {B7F0FF42-4501-40B8-BD7E-1B7F0CFFDC83}
		{6CB86980-D24D-4BA8-B95A-8F16D7BEA289} = {B7F0FF42-4501-40B8-BD7E-1B7F0CFFDC83}
	EndGlobalSection
	GlobalSection(ExtensibilityGlobals) = postSolution
		SolutionGuid = {B9EA2458-6382-479C-96AB-4A9C44A68C60}
	EndGlobalSection
EndGlobal
